
Microsoft Visual Studio Solution File, Format Version 12.00
# Visual Studio 15
Project("{FAE04EC0-301F-11D3-BF4B-00C04F79EFBC}") = "Assembly-CSharp", "Assembly-CSharp.csproj", "{1A848A95-D072-35CF-744D-0F8D24B905DB}"
EndProject
Project("{FAE04EC0-301F-11D3-BF4B-00C04F79EFBC}") = "Assembly-CSharp-Editor", "Assembly-CSharp-Editor.csproj", "{91B45AF7-E779-8B50-CD6F-47621C9B6835}"
EndProject
Global
	GlobalSection(SolutionConfigurationPlatforms) = preSolution
		Debug|Any CPU = Debug|Any CPU
		Release|Any CPU = Release|Any CPU
	EndGlobalSection
	GlobalSection(ProjectConfigurationPlatforms) = postSolution
		{1A848A95-D072-35CF-744D-0F8D24B905DB}.Debug|Any CPU.ActiveCfg = Debug|Any CPU
		{1A848A95-D072-35CF-744D-0F8D24B905DB}.Debug|Any CPU.Build.0 = Debug|Any CPU
		{1A848A95-D072-35CF-744D-0F8D24B905DB}.Release|Any CPU.ActiveCfg = Release|Any CPU
		{1A848A95-D072-35CF-744D-0F8D24B905DB}.Release|Any CPU.Build.0 = Release|Any CPU
		{91B45AF7-E779-8B50-CD6F-47621C9B6835}.Debug|Any CPU.ActiveCfg = Debug|Any CPU
		{91B45AF7-E779-8B50-CD6F-47621C9B6835}.Debug|Any CPU.Build.0 = Debug|Any CPU
		{91B45AF7-E779-8B50-CD6F-47621C9B6835}.Release|Any CPU.ActiveCfg = Release|Any CPU
		{91B45AF7-E779-8B50-CD6F-47621C9B6835}.Release|Any CPU.Build.0 = Release|Any CPU
	EndGlobalSection
	GlobalSection(SolutionProperties) = preSolution
		HideSolutionNode = FALSE
	EndGlobalSection
EndGlobal
